{
    "_readme": [
        "This file locks the dependencies of your project to a known state",
        "Read more about it at http://getcomposer.org/doc/01-basic-usage.md#composer-lock-the-lock-file",
        "This file is @generated automatically"
    ],
    "hash": "b45fa355d661cda7c20c5f9eff00fb2e",
    "packages": [
        {
            "name": "bshaffer/oauth2-server-php",
            "version": "dev-develop",
            "source": {
                "type": "git",
                "url": "https://github.com/bshaffer/oauth2-server-php.git",
                "reference": "bb254d3352aade23fcdf29e36399b51e485b072a"
            },
            "dist": {
                "type": "zip",
                "url": "https://api.github.com/repos/bshaffer/oauth2-server-php/zipball/bb254d3352aade23fcdf29e36399b51e485b072a",
                "reference": "bb254d3352aade23fcdf29e36399b51e485b072a",
                "shasum": ""
            },
            "require": {
                "php": ">=5.3.9"
            },
            "suggest": {
                "aws/aws-sdk-php": "Required to use the DynamoDB storage engine",
                "predis/predis": "Required to use the Redis storage engine",
                "thobbs/phpcassa": "Required to use the Cassandra storage engine"
            },
            "type": "library",
            "autoload": {
                "psr-0": {
                    "OAuth2": "src/"
                }
            },
            "notification-url": "https://packagist.org/downloads/",
            "license": [
                "MIT"
            ],
            "authors": [
                {
                    "name": "Brent Shaffer",
                    "email": "bshafs@gmail.com",
                    "homepage": "http://brentertainment.com"
                }
            ],
            "description": "OAuth2 Server for PHP",
            "homepage": "http://github.com/bshaffer/oauth2-server-php",
            "keywords": [
                "auth",
                "oauth",
                "oauth2"
            ],
            "time": "2015-01-19 22:57:38"
        },
        {
            "name": "dispatch/dispatch",
            "version": "4.1.0",
            "source": {
                "type": "git",
                "url": "https://github.com/noodlehaus/dispatch.git",
                "reference": "c523397f378e2a7835bd49ca255d7c072ebaf9c9"
            },
            "dist": {
                "type": "zip",
                "url": "https://api.github.com/repos/noodlehaus/dispatch/zipball/c523397f378e2a7835bd49ca255d7c072ebaf9c9",
                "reference": "c523397f378e2a7835bd49ca255d7c072ebaf9c9",
                "shasum": ""
            },
            "require": {
                "php": ">= 5.3.0"
            },
            "suggest": {
                "dispatch/dispatch-extras": "Encryption, caching and more, for dispatch",
                "dispatch/dispatch-mustache": "mustache template support within dispatch",
                "giggleboxstudios/dispatch-handlebars": "handlebars template support within dispatch"
            },
            "type": "library",
            "extra": {
                "branch-alias": {
                    "dev-master": "4.x-dev"
                }
            },
            "autoload": {
                "files": [
                    "src/dispatch.php"
                ]
            },
            "notification-url": "https://packagist.org/downloads/",
            "license": [
                "MIT"
            ],
            "authors": [
                {
                    "name": "Jesus A. Domingo",
                    "homepage": "http://noodlehaus.github.io/",
                    "role": "Developer"
                },
                {
                    "name": "Kafene",
                    "homepage": "https://github.com/kafene",
                    "role": "Contributor"
                },
                {
                    "name": "Martin Angelov",
                    "homepage": "https://github.com/martinaglv",
                    "role": "Contributor"
                },
                {
                    "name": "Lars",
                    "homepage": "https://github.com/larsbo",
                    "role": "Developer"
                },
                {
                    "name": "4d47",
                    "homepage": "https://github.com/4d47",
                    "role": "Contributor"
                },
                {
                    "name": "Bastian Widmer",
                    "homepage": "https://github.com/dasrecht",
                    "role": "Contributor"
                },
                {
                    "name": "Lloyd Zhou",
                    "homepage": "https://github.com/lloydzhou",
                    "role": "Contributor"
                },
                {
                    "name": "Darkalemanbr",
                    "homepage": "https://github.com/darkalemanbr",
                    "role": "Contributor"
                },
                {
                    "name": "Amin By",
                    "homepage": "https://github.com/xielingwang",
                    "role": "Contributor"
                },
                {
                    "name": "Ross Masters",
                    "homepage": "https://github.com/rmasters",
                    "role": "Contributor"
                },
                {
                    "name": "scan",
                    "homepage": "https://github.com/scan",
                    "role": "Contributor"
                }
            ],
            "description": "a microframework/front-controller",
            "homepage": "http://noodlehaus.github.io/dispatch/",
            "keywords": [
                "framework",
                "micro",
                "microframework",
                "microphp",
                "router"
            ],
            "time": "2014-06-12 14:02:50"
        },
        {
            "name": "j4mie/idiorm",
            "version": "v1.5.1",
            "source": {
                "type": "git",
                "url": "https://github.com/j4mie/idiorm.git",
                "reference": "b0922d8719a94e3a0e0e4a0ca3876f4f91475dcf"
            },
            "dist": {
                "type": "zip",
                "url": "https://api.github.com/repos/j4mie/idiorm/zipball/b0922d8719a94e3a0e0e4a0ca3876f4f91475dcf",
                "reference": "b0922d8719a94e3a0e0e4a0ca3876f4f91475dcf",
                "shasum": ""
            },
            "require": {
                "php": ">=5.2.0"
            },
            "type": "library",
            "autoload": {
                "classmap": [
                    "idiorm.php"
                ]
            },
            "notification-url": "https://packagist.org/downloads/",
            "license": [
                "BSD-2-Clause",
                "BSD-3-Clause",
                "BSD-4-Clause"
            ],
            "authors": [
                {
                    "name": "Simon Holywell",
                    "email": "treffynnon@php.net",
                    "homepage": "http://simonholywell.com",
                    "role": "Maintainer"
                },
                {
                    "name": "Jamie Matthews",
                    "email": "jamie.matthews@gmail.com",
                    "homepage": "http://j4mie.org",
                    "role": "Developer"
                },
                {
                    "name": "Durham Hale",
                    "email": "me@durhamhale.com",
                    "homepage": "http://durhamhale.com",
                    "role": "Maintainer"
                }
            ],
            "description": "A lightweight nearly-zero-configuration object-relational mapper and fluent query builder for PHP5",
            "homepage": "http://j4mie.github.com/idiormandparis",
            "keywords": [
                "idiorm",
                "orm",
                "query builder"
            ],
            "time": "2014-06-23 13:08:57"
        },
        {
            "name": "surt/granada",
            "version": "1.5.2",
            "source": {
                "type": "git",
                "url": "https://github.com/Surt/Granada.git",
                "reference": "60a311e40c07addf11893fe42843c4f4a6c44d8c"
            },
            "dist": {
                "type": "zip",
                "url": "https://api.github.com/repos/Surt/Granada/zipball/60a311e40c07addf11893fe42843c4f4a6c44d8c",
                "reference": "60a311e40c07addf11893fe42843c4f4a6c44d8c",
                "shasum": ""
            },
            "require": {
                "php": ">=5.3.0"
            },
            "type": "library",
            "autoload": {
                "psr-0": {
                    "Granada": "src/"
                }
            },
            "notification-url": "https://packagist.org/downloads/",
            "license": [
                "BSD-2-Clause",
                "BSD-3-Clause",
                "BSD-4-Clause"
            ],
            "authors": [
                {
                    "name": "Erik Wiesenthal",
                    "email": "erikforo@hotmail.com",
                    "homepage": "http://www.codetogether.es",
                    "role": "Developer"
                }
            ],
            "description": "Active Record / ORM with eager loading, lazy loading and more",
            "homepage": "https://github.com/Surt/Granada",
            "keywords": [
                "Active Record",
                "database",
                "eager-loading",
                "idiorm",
                "orm",
                "paris"
            ],
            "time": "2013-11-10 12:46:30"
        }
    ],
    "packages-dev": [],
    "aliases": [],
    "minimum-stability": "stable",
    "stability-flags": {
        "bshaffer/oauth2-server-php": 20
    },
    "prefer-stable": false,
    "prefer-lowest": false,
    "platform": {
        "php": ">= 5.4.0"
    },
    "platform-dev": []
}
